
Microsoft Visual Studio Solution File, Format Version 12.00
# Visual Studio Version 17
VisualStudioVersion = 17.10.35013.160
MinimumVisualStudioVersion = 10.0.40219.1
Project("{FAE04EC0-301F-11D3-BF4B-00C04F79EFBC}") = "Riposity", "Riposity.csproj", "{10F162C5-07FB-414C-82C2-F473CC99F1CA}"
EndProject
Project("{FAE04EC0-301F-11D3-BF4B-00C04F79EFBC}") = "guest", "..\guest\guest.csproj", "{FB018916-7355-413E-9E1C-5C3B2B59F570}"
EndProject
Project("{FAE04EC0-301F-11D3-BF4B-00C04F79EFBC}") = "Time_clok", "..\Time_clok\Time_clok.csproj", "{1795B40F-49E7-4653-8209-3FDEB941FB27}"
EndProject
Project("{FAE04EC0-301F-11D3-BF4B-00C04F79EFBC}") = "host", "..\Shabat\host.csproj", "{25FC5E27-BEAD-420E-9FA5-4D1D06019E42}"
EndProject
Project("{FAE04EC0-301F-11D3-BF4B-00C04F79EFBC}") = "college", "..\college\college.csproj", "{4D901F4A-503C-42EE-902E-6D472117DA9A}"
EndProject
Project("{FAE04EC0-301F-11D3-BF4B-00C04F79EFBC}") = "studens", "..\studens\studens.csproj", "{FE9F6C85-B150-4975-871F-781E6D1F65F9}"
EndProject
Project("{2150E333-8FDC-42A3-9474-1A3956D46DE8}") = "shabcat", "shabcat", "{D8E27280-B336-4679-ADB9-690F60723611}"
EndProject
Project("{9A19103F-16F7-4668-BE54-9A1E7A4F7556}") = "firstXmlProject", "firstXmlProject\firstXmlProject.csproj", "{1A86E231-DDBB-4B36-9398-6422C82D4EFC}"
EndProject
Project("{FAE04EC0-301F-11D3-BF4B-00C04F79EFBC}") = "VandingMachine", "..\VandingMachine\VandingMachine.csproj", "{79BB8C76-F74D-49FA-A00B-154F203BF65C}"
EndProject
Project("{FAE04EC0-301F-11D3-BF4B-00C04F79EFBC}") = "xmlLerning", "..\xmlLerning\xmlLerning.csproj", "{DEC3CB65-060E-43DD-8371-93B7CEFDDA76}"
EndProject
Project("{FAE04EC0-301F-11D3-BF4B-00C04F79EFBC}") = "DataRabnut", "..\DataRabnut\DataRabnut.csproj", "{42CC7BDD-BDAA-4A33-8C95-863BCB66D8B4}"
EndProject
Global
	GlobalSection(SolutionConfigurationPlatforms) = preSolution
		Debug|Any CPU = Debug|Any CPU
		Release|Any CPU = Release|Any CPU
	EndGlobalSection
	GlobalSection(ProjectConfigurationPlatforms) = postSolution
		{10F162C5-07FB-414C-82C2-F473CC99F1CA}.Debug|Any CPU.ActiveCfg = Debug|Any CPU
		{10F162C5-07FB-414C-82C2-F473CC99F1CA}.Debug|Any CPU.Build.0 = Debug|Any CPU
		{10F162C5-07FB-414C-82C2-F473CC99F1CA}.Release|Any CPU.ActiveCfg = Release|Any CPU
		{10F162C5-07FB-414C-82C2-F473CC99F1CA}.Release|Any CPU.Build.0 = Release|Any CPU
		{FB018916-7355-413E-9E1C-5C3B2B59F570}.Debug|Any CPU.ActiveCfg = Debug|Any CPU
		{FB018916-7355-413E-9E1C-5C3B2B59F570}.Debug|Any CPU.Build.0 = Debug|Any CPU
		{FB018916-7355-413E-9E1C-5C3B2B59F570}.Release|Any CPU.ActiveCfg = Release|Any CPU
		{FB018916-7355-413E-9E1C-5C3B2B59F570}.Release|Any CPU.Build.0 = Release|Any CPU
		{1795B40F-49E7-4653-8209-3FDEB941FB27}.Debug|Any CPU.ActiveCfg = Debug|Any CPU
		{1795B40F-49E7-4653-8209-3FDEB941FB27}.Debug|Any CPU.Build.0 = Debug|Any CPU
		{1795B40F-49E7-4653-8209-3FDEB941FB27}.Release|Any CPU.ActiveCfg = Release|Any CPU
		{1795B40F-49E7-4653-8209-3FDEB941FB27}.Release|Any CPU.Build.0 = Release|Any CPU
		{25FC5E27-BEAD-420E-9FA5-4D1D06019E42}.Debug|Any CPU.ActiveCfg = Debug|Any CPU
		{25FC5E27-BEAD-420E-9FA5-4D1D06019E42}.Debug|Any CPU.Build.0 = Debug|Any CPU
		{25FC5E27-BEAD-420E-9FA5-4D1D06019E42}.Release|Any CPU.ActiveCfg = Release|Any CPU
		{25FC5E27-BEAD-420E-9FA5-4D1D06019E42}.Release|Any CPU.Build.0 = Release|Any CPU
		{4D901F4A-503C-42EE-902E-6D472117DA9A}.Debug|Any CPU.ActiveCfg = Debug|Any CPU
		{4D901F4A-503C-42EE-902E-6D472117DA9A}.Debug|Any CPU.Build.0 = Debug|Any CPU
		{4D901F4A-503C-42EE-902E-6D472117DA9A}.Release|Any CPU.ActiveCfg = Release|Any CPU
		{4D901F4A-503C-42EE-902E-6D472117DA9A}.Release|Any CPU.Build.0 = Release|Any CPU
		{FE9F6C85-B150-4975-871F-781E6D1F65F9}.Debug|Any CPU.ActiveCfg = Debug|Any CPU
		{FE9F6C85-B150-4975-871F-781E6D1F65F9}.Debug|Any CPU.Build.0 = Debug|Any CPU
		{FE9F6C85-B150-4975-871F-781E6D1F65F9}.Release|Any CPU.ActiveCfg = Release|Any CPU
		{FE9F6C85-B150-4975-871F-781E6D1F65F9}.Release|Any CPU.Build.0 = Release|Any CPU
		{1A86E231-DDBB-4B36-9398-6422C82D4EFC}.Debug|Any CPU.ActiveCfg = Debug|Any CPU
		{1A86E231-DDBB-4B36-9398-6422C82D4EFC}.Debug|Any CPU.Build.0 = Debug|Any CPU
		{1A86E231-DDBB-4B36-9398-6422C82D4EFC}.Release|Any CPU.ActiveCfg = Release|Any CPU
		{1A86E231-DDBB-4B36-9398-6422C82D4EFC}.Release|Any CPU.Build.0 = Release|Any CPU
		{79BB8C76-F74D-49FA-A00B-154F203BF65C}.Debug|Any CPU.ActiveCfg = Debug|Any CPU
		{79BB8C76-F74D-49FA-A00B-154F203BF65C}.Debug|Any CPU.Build.0 = Debug|Any CPU
		{79BB8C76-F74D-49FA-A00B-154F203BF65C}.Release|Any CPU.ActiveCfg = Release|Any CPU
		{79BB8C76-F74D-49FA-A00B-154F203BF65C}.Release|Any CPU.Build.0 = Release|Any CPU
		{DEC3CB65-060E-43DD-8371-93B7CEFDDA76}.Debug|Any CPU.ActiveCfg = Debug|Any CPU
		{DEC3CB65-060E-43DD-8371-93B7CEFDDA76}.Debug|Any CPU.Build.0 = Debug|Any CPU
		{DEC3CB65-060E-43DD-8371-93B7CEFDDA76}.Release|Any CPU.ActiveCfg = Release|Any CPU
		{DEC3CB65-060E-43DD-8371-93B7CEFDDA76}.Release|Any CPU.Build.0 = Release|Any CPU
		{42CC7BDD-BDAA-4A33-8C95-863BCB66D8B4}.Debug|Any CPU.ActiveCfg = Debug|Any CPU
		{42CC7BDD-BDAA-4A33-8C95-863BCB66D8B4}.Debug|Any CPU.Build.0 = Debug|Any CPU
		{42CC7BDD-BDAA-4A33-8C95-863BCB66D8B4}.Release|Any CPU.ActiveCfg = Release|Any CPU
		{42CC7BDD-BDAA-4A33-8C95-863BCB66D8B4}.Release|Any CPU.Build.0 = Release|Any CPU
	EndGlobalSection
	GlobalSection(SolutionProperties) = preSolution
		HideSolutionNode = FALSE
	EndGlobalSection
	GlobalSection(NestedProjects) = preSolution
		{FB018916-7355-413E-9E1C-5C3B2B59F570} = {D8E27280-B336-4679-ADB9-690F60723611}
		{25FC5E27-BEAD-420E-9FA5-4D1D06019E42} = {D8E27280-B336-4679-ADB9-690F60723611}
	EndGlobalSection
	GlobalSection(ExtensibilityGlobals) = postSolution
		SolutionGuid = {2866C9C2-D95B-4BEB-A579-6A2FC6ECA570}
	EndGlobalSection
EndGlobal
