
Microsoft Visual Studio Solution File, Format Version 12.00
# Visual Studio Version 17
VisualStudioVersion = 17.10.35013.160
MinimumVisualStudioVersion = 10.0.40219.1
Project("{FAE04EC0-301F-11D3-BF4B-00C04F79EFBC}") = "college", "college.csproj", "{4D901F4A-503C-42EE-902E-6D472117DA9A}"
EndProject
Global
	GlobalSection(SolutionConfigurationPlatforms) = preSolution
		Debug|Any CPU = Debug|Any CPU
		Release|Any CPU = Release|Any CPU
	EndGlobalSection
	GlobalSection(ProjectConfigurationPlatforms) = postSolution
		{4D901F4A-503C-42EE-902E-6D472117DA9A}.Debug|Any CPU.ActiveCfg = Debug|Any CPU
		{4D901F4A-503C-42EE-902E-6D472117DA9A}.Debug|Any CPU.Build.0 = Debug|Any CPU
		{4D901F4A-503C-42EE-902E-6D472117DA9A}.Release|Any CPU.ActiveCfg = Release|Any CPU
		{4D901F4A-503C-42EE-902E-6D472117DA9A}.Release|Any CPU.Build.0 = Release|Any CPU
	EndGlobalSection
	GlobalSection(SolutionProperties) = preSolution
		HideSolutionNode = FALSE
	EndGlobalSection
	GlobalSection(ExtensibilityGlobals) = postSolution
		SolutionGuid = {57BCB2B3-9ADE-44CE-BAAF-2F9D641DB148}
	EndGlobalSection
EndGlobal
